// !$*UTF8*$!
{
	archiveVersion = 1;
	classes = {
	};
	objectVersion = 50;
	objects = {

/* Begin PBXBuildFile section */
		33485828252963A300142BD9 /* NSFileHandle+Utilities.m in Sources */ = {isa = PBXBuildFile; fileRef = 33485827252963A300142BD9 /* NSFileHandle+Utilities.m */; };
		33EEEA332526FC1800110544 /* main.m in Sources */ = {isa = PBXBuildFile; fileRef = 33EEEA322526FC1800110544 /* main.m */; };
		33EEEA472526FD5D00110544 /* Obfuscator.m in Sources */ = {isa = PBXBuildFile; fileRef = 33EEEA462526FD5D00110544 /* Obfuscator.m */; };
/* End PBXBuildFile section */

/* Begin PBXCopyFilesBuildPhase section */
		33EEEA2D2526FC1800110544 /* CopyFiles */ = {
			isa = PBXCopyFilesBuildPhase;
			buildActionMask = 2147483647;
			dstPath = /usr/share/man/man1/;
			dstSubfolderSpec = 0;
			files = (
			);
			runOnlyForDeploymentPostprocessing = 1;
		};
/* End PBXCopyFilesBuildPhase section */

/* Begin PBXFileReference section */
		33485826252963A200142BD9 /* NSFileHandle+Utilities.h */ = {isa = PBXFileReference; fileEncoding = 4; lastKnownFileType = sourcecode.c.h; path = "NSFileHandle+Utilities.h"; sourceTree = "<group>"; };
		33485827252963A300142BD9 /* NSFileHandle+Utilities.m */ = {isa = PBXFileReference; fileEncoding = 4; lastKnownFileType = sourcecode.c.objc; path = "NSFileHandle+Utilities.m"; sourceTree = "<group>"; };
		3362D64C2527E9FF00954C41 /* readme.md */ = {isa = PBXFileReference; lastKnownFileType = net.daringfireball.markdown; path = readme.md; sourceTree = "<group>"; };
		33EEEA2F2526FC1800110544 /* obsfuckate */ = {isa = PBXFileReference; explicitFileType = "compiled.mach-o.executable"; includeInIndex = 0; path = obsfuckate; sourceTree = BUILT_PRODUCTS_DIR; };
		33EEEA322526FC1800110544 /* main.m */ = {isa = PBXFileReference; lastKnownFileType = sourcecode.c.objc; path = main.m; sourceTree = "<group>"; };
		33EEEA452526FD5D00110544 /* Obfuscator.h */ = {isa = PBXFileReference; fileEncoding = 4; lastKnownFileType = sourcecode.c.h; name = Obfuscator.h; path = ../Obfuscator/Obfuscator.h; sourceTree = "<group>"; usesTabs = 0; };
		33EEEA462526FD5D00110544 /* Obfuscator.m */ = {isa = PBXFileReference; fileEncoding = 4; lastKnownFileType = sourcecode.c.objc; name = Obfuscator.m; path = ../Obfuscator/Obfuscator.m; sourceTree = "<group>"; usesTabs = 0; };
/* End PBXFileReference section */

/* Begin PBXFrameworksBuildPhase section */
		33EEEA2C2526FC1800110544 /* Frameworks */ = {
			isa = PBXFrameworksBuildPhase;
			buildActionMask = 2147483647;
			files = (
			);
			runOnlyForDeploymentPostprocessing = 0;
		};
/* End PBXFrameworksBuildPhase section */

/* Begin PBXGroup section */
		33EEEA262526FC1800110544 = {
			isa = PBXGroup;
			children = (
				3362D64C2527E9FF00954C41 /* readme.md */,
				33EEEA442526FD1500110544 /* Obsfucator */,
				33EEEA312526FC1800110544 /* obsfuckate */,
				33EEEA302526FC1800110544 /* Products */,
			);
			sourceTree = "<group>";
		};
		33EEEA302526FC1800110544 /* Products */ = {
			isa = PBXGroup;
			children = (
				33EEEA2F2526FC1800110544 /* obsfuckate */,
			);
			name = Products;
			sourceTree = "<group>";
		};
		33EEEA312526FC1800110544 /* obsfuckate */ = {
			isa = PBXGroup;
			children = (
				33EEEA322526FC1800110544 /* main.m */,
				33485826252963A200142BD9 /* NSFileHandle+Utilities.h */,
				33485827252963A300142BD9 /* NSFileHandle+Utilities.m */,
			);
			path = obsfuckate;
			sourceTree = "<group>";
		};
		33EEEA442526FD1500110544 /* Obsfucator */ = {
			isa = PBXGroup;
			children = (
				33EEEA452526FD5D00110544 /* Obfuscator.h */,
				33EEEA462526FD5D00110544 /* Obfuscator.m */,
			);
			name = Obsfucator;
			sourceTree = SOURCE_ROOT;
		};
/* End PBXGroup section */

/* Begin PBXNativeTarget section */
		33EEEA2E2526FC1800110544 /* obsfuckate */ = {
			isa = PBXNativeTarget;
			buildConfigurationList = 33EEEA362526FC1800110544 /* Build configuration list for PBXNativeTarget "obsfuckate" */;
			buildPhases = (
				33EEEA2B2526FC1800110544 /* Sources */,
				33EEEA2C2526FC1800110544 /* Frameworks */,
				33EEEA2D2526FC1800110544 /* CopyFiles */,
			);
			buildRules = (
			);
			dependencies = (
			);
			name = obsfuckate;
			productName = obsfuckate;
			productReference = 33EEEA2F2526FC1800110544 /* obsfuckate */;
			productType = "com.apple.product-type.tool";
		};
/* End PBXNativeTarget section */

/* Begin PBXProject section */
		33EEEA272526FC1800110544 /* Project object */ = {
			isa = PBXProject;
			attributes = {
				LastUpgradeCheck = 1230;
				TargetAttributes = {
					33EEEA2E2526FC1800110544 = {
						CreatedOnToolsVersion = 12.0;
					};
				};
			};
			buildConfigurationList = 33EEEA2A2526FC1800110544 /* Build configuration list for PBXProject "obsfuckate" */;
			compatibilityVersion = "Xcode 9.3";
			developmentRegion = en;
			hasScannedForEncodings = 0;
			knownRegions = (
				en,
				Base,
			);
			mainGroup = 33EEEA262526FC1800110544;
			productRefGroup = 33EEEA302526FC1800110544 /* Products */;
			projectDirPath = "";
			projectRoot = "";
			targets = (
				33EEEA2E2526FC1800110544 /* obsfuckate */,
			);
		};
/* End PBXProject section */

/* Begin PBXSourcesBuildPhase section */
		33EEEA2B2526FC1800110544 /* Sources */ = {
			isa = PBXSourcesBuildPhase;
			buildActionMask = 2147483647;
			files = (
				33485828252963A300142BD9 /* NSFileHandle+Utilities.m in Sources */,
				33EEEA332526FC1800110544 /* main.m in Sources */,
				33EEEA472526FD5D00110544 /* Obfuscator.m in Sources */,
			);
			runOnlyForDeploymentPostprocessing = 0;
		};
/* End PBXSourcesBuildPhase section */

/* Begin XCBuildConfiguration section */
		33EEEA342526FC1800110544 /* Debug */ = {
			isa = XCBuildConfiguration;
			buildSettings = {
				ALWAYS_SEARCH_USER_PATHS = NO;
				CLANG_ANALYZER_NONNULL = YES;
				CLANG_ANALYZER_NUMBER_OBJECT_CONVERSION = YES_AGGRESSIVE;
				CLANG_CXX_LANGUAGE_STANDARD = "gnu++14";
				CLANG_CXX_LIBRARY = "libc++";
				CLANG_ENABLE_MODULES = YES;
				CLANG_ENABLE_OBJC_ARC = YES;
				CLANG_ENABLE_OBJC_WEAK = YES;
				CLANG_WARN_BLOCK_CAPTURE_AUTORELEASING = YES;
				CLANG_WARN_BOOL_CONVERSION = YES;
				CLANG_WARN_COMMA = YES;
				CLANG_WARN_CONSTANT_CONVERSION = YES;
				CLANG_WARN_DEPRECATED_OBJC_IMPLEMENTATIONS = YES;
				CLANG_WARN_DIRECT_OBJC_ISA_USAGE = YES_ERROR;
				CLANG_WARN_DOCUMENTATION_COMMENTS = YES;
				CLANG_WARN_EMPTY_BODY = YES;
				CLANG_WARN_ENUM_CONVERSION = YES;
				CLANG_WARN_INFINITE_RECURSION = YES;
				CLANG_WARN_INT_CONVERSION = YES;
				CLANG_WARN_NON_LITERAL_NULL_CONVERSION = YES;
				CLANG_WARN_OBJC_IMPLICIT_RETAIN_SELF = YES;
				CLANG_WARN_OBJC_LITERAL_CONVERSION = YES;
				CLANG_WARN_OBJC_ROOT_CLASS = YES_ERROR;
				CLANG_WARN_QUOTED_INCLUDE_IN_FRAMEWORK_HEADER = YES;
				CLANG_WARN_RANGE_LOOP_ANALYSIS = YES;
				CLANG_WARN_STRICT_PROTOTYPES = YES;
				CLANG_WARN_SUSPICIOUS_MOVE = YES;
				CLANG_WARN_UNGUARDED_AVAILABILITY = YES_AGGRESSIVE;
				CLANG_WARN_UNREACHABLE_CODE = YES;
				CLANG_WARN__DUPLICATE_METHOD_MATCH = YES;
				COPY_PHASE_STRIP = NO;
				DEBUG_INFORMATION_FORMAT = "dwarf-with-dsym";
				ENABLE_STRICT_OBJC_MSGSEND = YES;
				ENABLE_TESTABILITY = YES;
				GCC_C_LANGUAGE_STANDARD = gnu11;
				GCC_DYNAMIC_NO_PIC = NO;
				GCC_NO_COMMON_BLOCKS = YES;
				GCC_OPTIMIZATION_LEVEL = 0;
				GCC_PREPROCESSOR_DEFINITIONS = (
					"DEBUG=1",
					"CLI_ENABLED=1",
					"$(inherited)",
				);
				GCC_WARN_64_TO_32_BIT_CONVERSION = YES;
				GCC_WARN_ABOUT_RETURN_TYPE = YES_ERROR;
				GCC_WARN_UNDECLARED_SELECTOR = YES;
				GCC_WARN_UNINITIALIZED_AUTOS = YES_AGGRESSIVE;
				GCC_WARN_UNUSED_FUNCTION = YES;
				GCC_WARN_UNUSED_VARIABLE = YES;
				MACOSX_DEPLOYMENT_TARGET = 10.15;
				MTL_ENABLE_DEBUG_INFO = INCLUDE_SOURCE;
				MTL_FAST_MATH = YES;
				ONLY_ACTIVE_ARCH = YES;
				SDKROOT = macosx;
			};
			name = Debug;
		};
		33EEEA352526FC1800110544 /* Release */ = {
			isa = XCBuildConfiguration;
			buildSettings = {
				ALWAYS_SEARCH_USER_PATHS = NO;
				CLANG_ANALYZER_NONNULL = YES;
				CLANG_ANALYZER_NUMBER_OBJECT_CONVERSION = YES_AGGRESSIVE;
				CLANG_CXX_LANGUAGE_STANDARD = "gnu++14";
				CLANG_CXX_LIBRARY = "libc++";
				CLANG_ENABLE_MODULES = YES;
				CLANG_ENABLE_OBJC_ARC = YES;
				CLANG_ENABLE_OBJC_WEAK = YES;
				CLANG_WARN_BLOCK_CAPTURE_AUTORELEASING = YES;
				CLANG_WARN_BOOL_CONVERSION = YES;
				CLANG_WARN_COMMA = YES;
				CLANG_WARN_CONSTANT_CONVERSION = YES;
				CLANG_WARN_DEPRECATED_OBJC_IMPLEMENTATIONS = YES;
				CLANG_WARN_DIRECT_OBJC_ISA_USAGE = YES_ERROR;
				CLANG_WARN_DOCUMENTATION_COMMENTS = YES;
				CLANG_WARN_EMPTY_BODY = YES;
				CLANG_WARN_ENUM_CONVERSION = YES;
				CLANG_WARN_INFINITE_RECURSION = YES;
				CLANG_WARN_INT_CONVERSION = YES;
				CLANG_WARN_NON_LITERAL_NULL_CONVERSION = YES;
				CLANG_WARN_OBJC_IMPLICIT_RETAIN_SELF = YES;
				CLANG_WARN_OBJC_LITERAL_CONVERSION = YES;
				CLANG_WARN_OBJC_ROOT_CLASS = YES_ERROR;
				CLANG_WARN_QUOTED_INCLUDE_IN_FRAMEWORK_HEADER = YES;
				CLANG_WARN_RANGE_LOOP_ANALYSIS = YES;
				CLANG_WARN_STRICT_PROTOTYPES = YES;
				CLANG_WARN_SUSPICIOUS_MOVE = YES;
				CLANG_WARN_UNGUARDED_AVAILABILITY = YES_AGGRESSIVE;
				CLANG_WARN_UNREACHABLE_CODE = YES;
				CLANG_WARN__DUPLICATE_METHOD_MATCH = YES;
				COPY_PHASE_STRIP = NO;
				DEBUG_INFORMATION_FORMAT = "dwarf-with-dsym";
				ENABLE_NS_ASSERTIONS = NO;
				ENABLE_STRICT_OBJC_MSGSEND = YES;
				GCC_C_LANGUAGE_STANDARD = gnu11;
				GCC_NO_COMMON_BLOCKS = YES;
				GCC_PREPROCESSOR_DEFINITIONS = (
					"CLI_ENABLED=1",
					"$(inherited)",
				);
				GCC_WARN_64_TO_32_BIT_CONVERSION = YES;
				GCC_WARN_ABOUT_RETURN_TYPE = YES_ERROR;
				GCC_WARN_UNDECLARED_SELECTOR = YES;
				GCC_WARN_UNINITIALIZED_AUTOS = YES_AGGRESSIVE;
				GCC_WARN_UNUSED_FUNCTION = YES;
				GCC_WARN_UNUSED_VARIABLE = YES;
				MACOSX_DEPLOYMENT_TARGET = 10.15;
				MTL_ENABLE_DEBUG_INFO = NO;
				MTL_FAST_MATH = YES;
				SDKROOT = macosx;
			};
			name = Release;
		};
		33EEEA372526FC1800110544 /* Debug */ = {
			isa = XCBuildConfiguration;
			buildSettings = {
				CODE_SIGN_STYLE = Automatic;
				DEVELOPMENT_TEAM = FUJX4L72NH;
				ENABLE_HARDENED_RUNTIME = YES;
				PRODUCT_NAME = "$(TARGET_NAME)";
			};
			name = Debug;
		};
		33EEEA382526FC1800110544 /* Release */ = {
			isa = XCBuildConfiguration;
			buildSettings = {
				CODE_SIGN_STYLE = Automatic;
				DEVELOPMENT_TEAM = FUJX4L72NH;
				ENABLE_HARDENED_RUNTIME = YES;
				PRODUCT_NAME = "$(TARGET_NAME)";
			};
			name = Release;
		};
/* End XCBuildConfiguration section */

/* Begin XCConfigurationList section */
		33EEEA2A2526FC1800110544 /* Build configuration list for PBXProject "obsfuckate" */ = {
			isa = XCConfigurationList;
			buildConfigurations = (
				33EEEA342526FC1800110544 /* Debug */,
				33EEEA352526FC1800110544 /* Release */,
			);
			defaultConfigurationIsVisible = 0;
			defaultConfigurationName = Release;
		};
		33EEEA362526FC1800110544 /* Build configuration list for PBXNativeTarget "obsfuckate" */ = {
			isa = XCConfigurationList;
			buildConfigurations = (
				33EEEA372526FC1800110544 /* Debug */,
				33EEEA382526FC1800110544 /* Release */,
			);
			defaultConfigurationIsVisible = 0;
			defaultConfigurationName = Release;
		};
/* End XCConfigurationList section */
	};
	rootObject = 33EEEA272526FC1800110544 /* Project object */;
}
